
Microsoft Visual Studio Solution File, Format Version 12.00
# Visual Studio Version 17
VisualStudioVersion = 17.4.33205.214
MinimumVisualStudioVersion = 10.0.40219.1
Project("{FAE04EC0-301F-11D3-BF4B-00C04F79EFBC}") = "ToolBox 2.1", "ToolBox 2.1\ToolBox 2.1.csproj", "{1A8CF1F7-35A9-4D66-8973-ADA03F656C64}"
EndProject
Global
	GlobalSection(SolutionConfigurationPlatforms) = preSolution
		Debug|Any CPU = Debug|Any CPU
		Release|Any CPU = Release|Any CPU
	EndGlobalSection
	GlobalSection(ProjectConfigurationPlatforms) = postSolution
		{1A8CF1F7-35A9-4D66-8973-ADA03F656C64}.Debug|Any CPU.ActiveCfg = Debug|Any CPU
		{1A8CF1F7-35A9-4D66-8973-ADA03F656C64}.Debug|Any CPU.Build.0 = Debug|Any CPU
		{1A8CF1F7-35A9-4D66-8973-ADA03F656C64}.Release|Any CPU.ActiveCfg = Release|Any CPU
		{1A8CF1F7-35A9-4D66-8973-ADA03F656C64}.Release|Any CPU.Build.0 = Release|Any CPU
	EndGlobalSection
	GlobalSection(SolutionProperties) = preSolution
		HideSolutionNode = FALSE
	EndGlobalSection
	GlobalSection(ExtensibilityGlobals) = postSolution
		SolutionGuid = {7AA76B5C-DF0A-43D6-82B3-384430FEEC92}
	EndGlobalSection
EndGlobal
